// !$*UTF8*$!
{
	archiveVersion = 1;
	classes = {
	};
	objectVersion = 56;
	objects = {

/* Begin PBXBuildFile section */
		C744E98C2BD3ECA400DB6A2A /* AppDelegate.swift in Sources */ = {isa = PBXBuildFile; fileRef = C744E98B2BD3ECA400DB6A2A /* AppDelegate.swift */; };
		C744E98E2BD3ECA400DB6A2A /* SceneDelegate.swift in Sources */ = {isa = PBXBuildFile; fileRef = C744E98D2BD3ECA400DB6A2A /* SceneDelegate.swift */; };
		C744E9902BD3ECA400DB6A2A /* ViewController.swift in Sources */ = {isa = PBXBuildFile; fileRef = C744E98F2BD3ECA400DB6A2A /* ViewController.swift */; };
		C744E9952BD3ECA600DB6A2A /* Assets.xcassets in Resources */ = {isa = PBXBuildFile; fileRef = C744E9942BD3ECA600DB6A2A /* Assets.xcassets */; };
		C744E9982BD3ECA600DB6A2A /* LaunchScreen.storyboard in Resources */ = {isa = PBXBuildFile; fileRef = C744E9962BD3ECA600DB6A2A /* LaunchScreen.storyboard */; };
		C744E9A42BD3EDEC00DB6A2A /* SnapKit in Frameworks */ = {isa = PBXBuildFile; productRef = C744E9A32BD3EDEC00DB6A2A /* SnapKit */; };
		C744E9A92BD3EE0800DB6A2A /* RxCocoa in Frameworks */ = {isa = PBXBuildFile; productRef = C744E9A82BD3EE0800DB6A2A /* RxCocoa */; };
		C744E9AB2BD3EE0800DB6A2A /* RxRelay in Frameworks */ = {isa = PBXBuildFile; productRef = C744E9AA2BD3EE0800DB6A2A /* RxRelay */; };
		C744E9AD2BD3EE0800DB6A2A /* RxSwift in Frameworks */ = {isa = PBXBuildFile; productRef = C744E9AC2BD3EE0800DB6A2A /* RxSwift */; };
		C744E9B32BD3F39900DB6A2A /* AppHeaderEntity.swift in Sources */ = {isa = PBXBuildFile; fileRef = C744E9B22BD3F39900DB6A2A /* AppHeaderEntity.swift */; };
		C744E9B72BD3F88C00DB6A2A /* AppRatingEntity.swift in Sources */ = {isa = PBXBuildFile; fileRef = C744E9B62BD3F88C00DB6A2A /* AppRatingEntity.swift */; };
		C744E9B92BD3F94600DB6A2A /* AppSubInfoEntity.swift in Sources */ = {isa = PBXBuildFile; fileRef = C744E9B82BD3F94600DB6A2A /* AppSubInfoEntity.swift */; };
		C744E9BB2BD3FBD200DB6A2A /* SearchResultThumbnailEntity.swift in Sources */ = {isa = PBXBuildFile; fileRef = C744E9BA2BD3FBD200DB6A2A /* SearchResultThumbnailEntity.swift */; };
		C744E9C32BD413CB00DB6A2A /* ITunesRepository.swift in Sources */ = {isa = PBXBuildFile; fileRef = C744E9C22BD413CB00DB6A2A /* ITunesRepository.swift */; };
		C744E9C62BD41D4600DB6A2A /* SearchQuery.swift in Sources */ = {isa = PBXBuildFile; fileRef = C744E9C52BD41D4600DB6A2A /* SearchQuery.swift */; };
		C744E9C82BD4254400DB6A2A /* FetchDetailInfoQuery.swift in Sources */ = {isa = PBXBuildFile; fileRef = C744E9C72BD4254400DB6A2A /* FetchDetailInfoQuery.swift */; };
		C744E9CC2BD42BDA00DB6A2A /* DetailInfoEntity.swift in Sources */ = {isa = PBXBuildFile; fileRef = C744E9CB2BD42BDA00DB6A2A /* DetailInfoEntity.swift */; };
		C744E9D02BD4349700DB6A2A /* AppReleaseEntity.swift in Sources */ = {isa = PBXBuildFile; fileRef = C744E9CF2BD4349700DB6A2A /* AppReleaseEntity.swift */; };
		C744E9D22BD4B82200DB6A2A /* AppDescriptionEntity.swift in Sources */ = {isa = PBXBuildFile; fileRef = C744E9D12BD4B82200DB6A2A /* AppDescriptionEntity.swift */; };
		C744E9D52BD4C2C400DB6A2A /* SearchUsecase.swift in Sources */ = {isa = PBXBuildFile; fileRef = C744E9D42BD4C2C400DB6A2A /* SearchUsecase.swift */; };
		C744E9D82BD4DD9300DB6A2A /* Cancellable.swift in Sources */ = {isa = PBXBuildFile; fileRef = C744E9D72BD4DD9300DB6A2A /* Cancellable.swift */; };
		C744E9DA2BD4E07900DB6A2A /* FetchDetailInfoUsecase.swift in Sources */ = {isa = PBXBuildFile; fileRef = C744E9D92BD4E07900DB6A2A /* FetchDetailInfoUsecase.swift */; };
		C744E9E02BD4F92C00DB6A2A /* URLRequestConvertable.swift in Sources */ = {isa = PBXBuildFile; fileRef = C744E9DF2BD4F92C00DB6A2A /* URLRequestConvertable.swift */; };
		C744E9E82BD53C4C00DB6A2A /* DataRequest.swift in Sources */ = {isa = PBXBuildFile; fileRef = C744E9E72BD53C4C00DB6A2A /* DataRequest.swift */; };
		C744E9EA2BD541EA00DB6A2A /* Session.swift in Sources */ = {isa = PBXBuildFile; fileRef = C744E9E92BD541EA00DB6A2A /* Session.swift */; };
/* End PBXBuildFile section */

/* Begin PBXFileReference section */
		C744E9882BD3ECA400DB6A2A /* Soop_Assignment.app */ = {isa = PBXFileReference; explicitFileType = wrapper.application; includeInIndex = 0; path = Soop_Assignment.app; sourceTree = BUILT_PRODUCTS_DIR; };
		C744E98B2BD3ECA400DB6A2A /* AppDelegate.swift */ = {isa = PBXFileReference; lastKnownFileType = sourcecode.swift; path = AppDelegate.swift; sourceTree = "<group>"; };
		C744E98D2BD3ECA400DB6A2A /* SceneDelegate.swift */ = {isa = PBXFileReference; lastKnownFileType = sourcecode.swift; path = SceneDelegate.swift; sourceTree = "<group>"; };
		C744E98F2BD3ECA400DB6A2A /* ViewController.swift */ = {isa = PBXFileReference; lastKnownFileType = sourcecode.swift; path = ViewController.swift; sourceTree = "<group>"; };
		C744E9942BD3ECA600DB6A2A /* Assets.xcassets */ = {isa = PBXFileReference; lastKnownFileType = folder.assetcatalog; path = Assets.xcassets; sourceTree = "<group>"; };
		C744E9972BD3ECA600DB6A2A /* Base */ = {isa = PBXFileReference; lastKnownFileType = file.storyboard; name = Base; path = Base.lproj/LaunchScreen.storyboard; sourceTree = "<group>"; };
		C744E9992BD3ECA600DB6A2A /* Info.plist */ = {isa = PBXFileReference; lastKnownFileType = text.plist.xml; path = Info.plist; sourceTree = "<group>"; };
		C744E9AF2BD3EED000DB6A2A /* API.xcconfig */ = {isa = PBXFileReference; lastKnownFileType = text.xcconfig; path = API.xcconfig; sourceTree = "<group>"; };
		C744E9B22BD3F39900DB6A2A /* AppHeaderEntity.swift */ = {isa = PBXFileReference; lastKnownFileType = sourcecode.swift; path = AppHeaderEntity.swift; sourceTree = "<group>"; };
		C744E9B62BD3F88C00DB6A2A /* AppRatingEntity.swift */ = {isa = PBXFileReference; lastKnownFileType = sourcecode.swift; path = AppRatingEntity.swift; sourceTree = "<group>"; };
		C744E9B82BD3F94600DB6A2A /* AppSubInfoEntity.swift */ = {isa = PBXFileReference; lastKnownFileType = sourcecode.swift; path = AppSubInfoEntity.swift; sourceTree = "<group>"; };
		C744E9BA2BD3FBD200DB6A2A /* SearchResultThumbnailEntity.swift */ = {isa = PBXFileReference; lastKnownFileType = sourcecode.swift; path = SearchResultThumbnailEntity.swift; sourceTree = "<group>"; };
		C744E9C22BD413CB00DB6A2A /* ITunesRepository.swift */ = {isa = PBXFileReference; lastKnownFileType = sourcecode.swift; path = ITunesRepository.swift; sourceTree = "<group>"; };
		C744E9C52BD41D4600DB6A2A /* SearchQuery.swift */ = {isa = PBXFileReference; lastKnownFileType = sourcecode.swift; path = SearchQuery.swift; sourceTree = "<group>"; };
		C744E9C72BD4254400DB6A2A /* FetchDetailInfoQuery.swift */ = {isa = PBXFileReference; lastKnownFileType = sourcecode.swift; path = FetchDetailInfoQuery.swift; sourceTree = "<group>"; };
		C744E9CB2BD42BDA00DB6A2A /* DetailInfoEntity.swift */ = {isa = PBXFileReference; lastKnownFileType = sourcecode.swift; path = DetailInfoEntity.swift; sourceTree = "<group>"; };
		C744E9CF2BD4349700DB6A2A /* AppReleaseEntity.swift */ = {isa = PBXFileReference; lastKnownFileType = sourcecode.swift; path = AppReleaseEntity.swift; sourceTree = "<group>"; };
		C744E9D12BD4B82200DB6A2A /* AppDescriptionEntity.swift */ = {isa = PBXFileReference; lastKnownFileType = sourcecode.swift; path = AppDescriptionEntity.swift; sourceTree = "<group>"; };
		C744E9D42BD4C2C400DB6A2A /* SearchUsecase.swift */ = {isa = PBXFileReference; lastKnownFileType = sourcecode.swift; path = SearchUsecase.swift; sourceTree = "<group>"; };
		C744E9D72BD4DD9300DB6A2A /* Cancellable.swift */ = {isa = PBXFileReference; lastKnownFileType = sourcecode.swift; path = Cancellable.swift; sourceTree = "<group>"; };
		C744E9D92BD4E07900DB6A2A /* FetchDetailInfoUsecase.swift */ = {isa = PBXFileReference; lastKnownFileType = sourcecode.swift; path = FetchDetailInfoUsecase.swift; sourceTree = "<group>"; };
		C744E9DF2BD4F92C00DB6A2A /* URLRequestConvertable.swift */ = {isa = PBXFileReference; lastKnownFileType = sourcecode.swift; path = URLRequestConvertable.swift; sourceTree = "<group>"; };
		C744E9E72BD53C4C00DB6A2A /* DataRequest.swift */ = {isa = PBXFileReference; lastKnownFileType = sourcecode.swift; path = DataRequest.swift; sourceTree = "<group>"; };
		C744E9E92BD541EA00DB6A2A /* Session.swift */ = {isa = PBXFileReference; lastKnownFileType = sourcecode.swift; path = Session.swift; sourceTree = "<group>"; };
/* End PBXFileReference section */

/* Begin PBXFrameworksBuildPhase section */
		C744E9852BD3ECA400DB6A2A /* Frameworks */ = {
			isa = PBXFrameworksBuildPhase;
			buildActionMask = 2147483647;
			files = (
				C744E9AB2BD3EE0800DB6A2A /* RxRelay in Frameworks */,
				C744E9A92BD3EE0800DB6A2A /* RxCocoa in Frameworks */,
				C744E9AD2BD3EE0800DB6A2A /* RxSwift in Frameworks */,
				C744E9A42BD3EDEC00DB6A2A /* SnapKit in Frameworks */,
			);
			runOnlyForDeploymentPostprocessing = 0;
		};
/* End PBXFrameworksBuildPhase section */

/* Begin PBXGroup section */
		C744E97F2BD3ECA400DB6A2A = {
			isa = PBXGroup;
			children = (
				C744E98A2BD3ECA400DB6A2A /* Soop_Assignment */,
				C744E9892BD3ECA400DB6A2A /* Products */,
			);
			sourceTree = "<group>";
		};
		C744E9892BD3ECA400DB6A2A /* Products */ = {
			isa = PBXGroup;
			children = (
				C744E9882BD3ECA400DB6A2A /* Soop_Assignment.app */,
			);
			name = Products;
			sourceTree = "<group>";
		};
		C744E98A2BD3ECA400DB6A2A /* Soop_Assignment */ = {
			isa = PBXGroup;
			children = (
				C744E9AE2BD3EE7E00DB6A2A /* Secret */,
				C744E9A02BD3ED8600DB6A2A /* Resource */,
				C744E99F2BD3ED8100DB6A2A /* Source */,
			);
			path = Soop_Assignment;
			sourceTree = "<group>";
		};
		C744E99F2BD3ED8100DB6A2A /* Source */ = {
			isa = PBXGroup;
			children = (
				C744E9DC2BD4EA1E00DB6A2A /* Network */,
				C744E9D62BD4DD8C00DB6A2A /* Common */,
				C744E9B02BD3F16100DB6A2A /* Domain */,
				C744E9A12BD3ED9000DB6A2A /* App */,
				C744E98F2BD3ECA400DB6A2A /* ViewController.swift */,
			);
			path = Source;
			sourceTree = "<group>";
		};
		C744E9A02BD3ED8600DB6A2A /* Resource */ = {
			isa = PBXGroup;
			children = (
				C744E9942BD3ECA600DB6A2A /* Assets.xcassets */,
				C744E9962BD3ECA600DB6A2A /* LaunchScreen.storyboard */,
				C744E9992BD3ECA600DB6A2A /* Info.plist */,
			);
			path = Resource;
			sourceTree = "<group>";
		};
		C744E9A12BD3ED9000DB6A2A /* App */ = {
			isa = PBXGroup;
			children = (
				C744E98B2BD3ECA400DB6A2A /* AppDelegate.swift */,
				C744E98D2BD3ECA400DB6A2A /* SceneDelegate.swift */,
			);
			path = App;
			sourceTree = "<group>";
		};
		C744E9AE2BD3EE7E00DB6A2A /* Secret */ = {
			isa = PBXGroup;
			children = (
				C744E9AF2BD3EED000DB6A2A /* API.xcconfig */,
			);
			path = Secret;
			sourceTree = "<group>";
		};
		C744E9B02BD3F16100DB6A2A /* Domain */ = {
			isa = PBXGroup;
			children = (
				C744E9D32BD4C17E00DB6A2A /* UseCases */,
				C744E9BF2BD411D300DB6A2A /* Repositories */,
				C744E9B12BD3F16900DB6A2A /* Entities */,
			);
			path = Domain;
			sourceTree = "<group>";
		};
		C744E9B12BD3F16900DB6A2A /* Entities */ = {
			isa = PBXGroup;
			children = (
				C744E9C42BD4176600DB6A2A /* Query */,
				C744E9B22BD3F39900DB6A2A /* AppHeaderEntity.swift */,
				C744E9D12BD4B82200DB6A2A /* AppDescriptionEntity.swift */,
				C744E9B62BD3F88C00DB6A2A /* AppRatingEntity.swift */,
				C744E9B82BD3F94600DB6A2A /* AppSubInfoEntity.swift */,
				C744E9BA2BD3FBD200DB6A2A /* SearchResultThumbnailEntity.swift */,
				C744E9CB2BD42BDA00DB6A2A /* DetailInfoEntity.swift */,
				C744E9CF2BD4349700DB6A2A /* AppReleaseEntity.swift */,
			);
			path = Entities;
			sourceTree = "<group>";
		};
		C744E9BF2BD411D300DB6A2A /* Repositories */ = {
			isa = PBXGroup;
			children = (
				C744E9C22BD413CB00DB6A2A /* ITunesRepository.swift */,
			);
			path = Repositories;
			sourceTree = "<group>";
		};
		C744E9C42BD4176600DB6A2A /* Query */ = {
			isa = PBXGroup;
			children = (
				C744E9C52BD41D4600DB6A2A /* SearchQuery.swift */,
				C744E9C72BD4254400DB6A2A /* FetchDetailInfoQuery.swift */,
			);
			path = Query;
			sourceTree = "<group>";
		};
		C744E9D32BD4C17E00DB6A2A /* UseCases */ = {
			isa = PBXGroup;
			children = (
				C744E9D42BD4C2C400DB6A2A /* SearchUsecase.swift */,
				C744E9D92BD4E07900DB6A2A /* FetchDetailInfoUsecase.swift */,
			);
			path = UseCases;
			sourceTree = "<group>";
		};
		C744E9D62BD4DD8C00DB6A2A /* Common */ = {
			isa = PBXGroup;
			children = (
				C744E9D72BD4DD9300DB6A2A /* Cancellable.swift */,
			);
			path = Common;
			sourceTree = "<group>";
		};
		C744E9DC2BD4EA1E00DB6A2A /* Network */ = {
			isa = PBXGroup;
			children = (
				C744E9DF2BD4F92C00DB6A2A /* URLRequestConvertable.swift */,
				C744E9E72BD53C4C00DB6A2A /* DataRequest.swift */,
				C744E9E92BD541EA00DB6A2A /* Session.swift */,
			);
			path = Network;
			sourceTree = "<group>";
		};
/* End PBXGroup section */

/* Begin PBXNativeTarget section */
		C744E9872BD3ECA400DB6A2A /* Soop_Assignment */ = {
			isa = PBXNativeTarget;
			buildConfigurationList = C744E99C2BD3ECA600DB6A2A /* Build configuration list for PBXNativeTarget "Soop_Assignment" */;
			buildPhases = (
				C744E9842BD3ECA400DB6A2A /* Sources */,
				C744E9852BD3ECA400DB6A2A /* Frameworks */,
				C744E9862BD3ECA400DB6A2A /* Resources */,
			);
			buildRules = (
			);
			dependencies = (
			);
			name = Soop_Assignment;
			packageProductDependencies = (
				C744E9A32BD3EDEC00DB6A2A /* SnapKit */,
				C744E9A82BD3EE0800DB6A2A /* RxCocoa */,
				C744E9AA2BD3EE0800DB6A2A /* RxRelay */,
				C744E9AC2BD3EE0800DB6A2A /* RxSwift */,
			);
			productName = Soop_Assignment;
			productReference = C744E9882BD3ECA400DB6A2A /* Soop_Assignment.app */;
			productType = "com.apple.product-type.application";
		};
/* End PBXNativeTarget section */

/* Begin PBXProject section */
		C744E9802BD3ECA400DB6A2A /* Project object */ = {
			isa = PBXProject;
			attributes = {
				BuildIndependentTargetsInParallel = 1;
				LastSwiftUpdateCheck = 1520;
				LastUpgradeCheck = 1520;
				TargetAttributes = {
					C744E9872BD3ECA400DB6A2A = {
						CreatedOnToolsVersion = 15.2;
					};
				};
			};
			buildConfigurationList = C744E9832BD3ECA400DB6A2A /* Build configuration list for PBXProject "Soop_Assignment" */;
			compatibilityVersion = "Xcode 14.0";
			developmentRegion = en;
			hasScannedForEncodings = 0;
			knownRegions = (
				en,
				Base,
			);
			mainGroup = C744E97F2BD3ECA400DB6A2A;
			packageReferences = (
				C744E9A22BD3EDEC00DB6A2A /* XCRemoteSwiftPackageReference "SnapKit" */,
				C744E9A72BD3EE0800DB6A2A /* XCRemoteSwiftPackageReference "RxSwift" */,
			);
			productRefGroup = C744E9892BD3ECA400DB6A2A /* Products */;
			projectDirPath = "";
			projectRoot = "";
			targets = (
				C744E9872BD3ECA400DB6A2A /* Soop_Assignment */,
			);
		};
/* End PBXProject section */

/* Begin PBXResourcesBuildPhase section */
		C744E9862BD3ECA400DB6A2A /* Resources */ = {
			isa = PBXResourcesBuildPhase;
			buildActionMask = 2147483647;
			files = (
				C744E9982BD3ECA600DB6A2A /* LaunchScreen.storyboard in Resources */,
				C744E9952BD3ECA600DB6A2A /* Assets.xcassets in Resources */,
			);
			runOnlyForDeploymentPostprocessing = 0;
		};
/* End PBXResourcesBuildPhase section */

/* Begin PBXSourcesBuildPhase section */
		C744E9842BD3ECA400DB6A2A /* Sources */ = {
			isa = PBXSourcesBuildPhase;
			buildActionMask = 2147483647;
			files = (
				C744E9D82BD4DD9300DB6A2A /* Cancellable.swift in Sources */,
				C744E9D02BD4349700DB6A2A /* AppReleaseEntity.swift in Sources */,
				C744E9902BD3ECA400DB6A2A /* ViewController.swift in Sources */,
				C744E9C32BD413CB00DB6A2A /* ITunesRepository.swift in Sources */,
				C744E98C2BD3ECA400DB6A2A /* AppDelegate.swift in Sources */,
				C744E9B72BD3F88C00DB6A2A /* AppRatingEntity.swift in Sources */,
				C744E9D22BD4B82200DB6A2A /* AppDescriptionEntity.swift in Sources */,
				C744E9BB2BD3FBD200DB6A2A /* SearchResultThumbnailEntity.swift in Sources */,
				C744E98E2BD3ECA400DB6A2A /* SceneDelegate.swift in Sources */,
				C744E9E82BD53C4C00DB6A2A /* DataRequest.swift in Sources */,
				C744E9DA2BD4E07900DB6A2A /* FetchDetailInfoUsecase.swift in Sources */,
				C744E9CC2BD42BDA00DB6A2A /* DetailInfoEntity.swift in Sources */,
				C744E9E02BD4F92C00DB6A2A /* URLRequestConvertable.swift in Sources */,
				C744E9B32BD3F39900DB6A2A /* AppHeaderEntity.swift in Sources */,
				C744E9B92BD3F94600DB6A2A /* AppSubInfoEntity.swift in Sources */,
				C744E9EA2BD541EA00DB6A2A /* Session.swift in Sources */,
				C744E9C82BD4254400DB6A2A /* FetchDetailInfoQuery.swift in Sources */,
				C744E9C62BD41D4600DB6A2A /* SearchQuery.swift in Sources */,
				C744E9D52BD4C2C400DB6A2A /* SearchUsecase.swift in Sources */,
			);
			runOnlyForDeploymentPostprocessing = 0;
		};
/* End PBXSourcesBuildPhase section */

/* Begin PBXVariantGroup section */
		C744E9962BD3ECA600DB6A2A /* LaunchScreen.storyboard */ = {
			isa = PBXVariantGroup;
			children = (
				C744E9972BD3ECA600DB6A2A /* Base */,
			);
			name = LaunchScreen.storyboard;
			sourceTree = "<group>";
		};
/* End PBXVariantGroup section */

/* Begin XCBuildConfiguration section */
		C744E99A2BD3ECA600DB6A2A /* Debug */ = {
			isa = XCBuildConfiguration;
			baseConfigurationReference = C744E9AF2BD3EED000DB6A2A /* API.xcconfig */;
			buildSettings = {
				ALWAYS_SEARCH_USER_PATHS = NO;
				ASSETCATALOG_COMPILER_GENERATE_SWIFT_ASSET_SYMBOL_EXTENSIONS = YES;
				CLANG_ANALYZER_NONNULL = YES;
				CLANG_ANALYZER_NUMBER_OBJECT_CONVERSION = YES_AGGRESSIVE;
				CLANG_CXX_LANGUAGE_STANDARD = "gnu++20";
				CLANG_ENABLE_MODULES = YES;
				CLANG_ENABLE_OBJC_ARC = YES;
				CLANG_ENABLE_OBJC_WEAK = YES;
				CLANG_WARN_BLOCK_CAPTURE_AUTORELEASING = YES;
				CLANG_WARN_BOOL_CONVERSION = YES;
				CLANG_WARN_COMMA = YES;
				CLANG_WARN_CONSTANT_CONVERSION = YES;
				CLANG_WARN_DEPRECATED_OBJC_IMPLEMENTATIONS = YES;
				CLANG_WARN_DIRECT_OBJC_ISA_USAGE = YES_ERROR;
				CLANG_WARN_DOCUMENTATION_COMMENTS = YES;
				CLANG_WARN_EMPTY_BODY = YES;
				CLANG_WARN_ENUM_CONVERSION = YES;
				CLANG_WARN_INFINITE_RECURSION = YES;
				CLANG_WARN_INT_CONVERSION = YES;
				CLANG_WARN_NON_LITERAL_NULL_CONVERSION = YES;
				CLANG_WARN_OBJC_IMPLICIT_RETAIN_SELF = YES;
				CLANG_WARN_OBJC_LITERAL_CONVERSION = YES;
				CLANG_WARN_OBJC_ROOT_CLASS = YES_ERROR;
				CLANG_WARN_QUOTED_INCLUDE_IN_FRAMEWORK_HEADER = YES;
				CLANG_WARN_RANGE_LOOP_ANALYSIS = YES;
				CLANG_WARN_STRICT_PROTOTYPES = YES;
				CLANG_WARN_SUSPICIOUS_MOVE = YES;
				CLANG_WARN_UNGUARDED_AVAILABILITY = YES_AGGRESSIVE;
				CLANG_WARN_UNREACHABLE_CODE = YES;
				CLANG_WARN__DUPLICATE_METHOD_MATCH = YES;
				COPY_PHASE_STRIP = NO;
				DEBUG_INFORMATION_FORMAT = dwarf;
				ENABLE_STRICT_OBJC_MSGSEND = YES;
				ENABLE_TESTABILITY = YES;
				ENABLE_USER_SCRIPT_SANDBOXING = YES;
				GCC_C_LANGUAGE_STANDARD = gnu17;
				GCC_DYNAMIC_NO_PIC = NO;
				GCC_NO_COMMON_BLOCKS = YES;
				GCC_OPTIMIZATION_LEVEL = 0;
				GCC_PREPROCESSOR_DEFINITIONS = (
					"DEBUG=1",
					"$(inherited)",
				);
				GCC_WARN_64_TO_32_BIT_CONVERSION = YES;
				GCC_WARN_ABOUT_RETURN_TYPE = YES_ERROR;
				GCC_WARN_UNDECLARED_SELECTOR = YES;
				GCC_WARN_UNINITIALIZED_AUTOS = YES_AGGRESSIVE;
				GCC_WARN_UNUSED_FUNCTION = YES;
				GCC_WARN_UNUSED_VARIABLE = YES;
				IPHONEOS_DEPLOYMENT_TARGET = 17.2;
				LOCALIZATION_PREFERS_STRING_CATALOGS = YES;
				MTL_ENABLE_DEBUG_INFO = INCLUDE_SOURCE;
				MTL_FAST_MATH = YES;
				ONLY_ACTIVE_ARCH = YES;
				SDKROOT = iphoneos;
				SWIFT_ACTIVE_COMPILATION_CONDITIONS = "DEBUG $(inherited)";
				SWIFT_OPTIMIZATION_LEVEL = "-Onone";
			};
			name = Debug;
		};
		C744E99B2BD3ECA600DB6A2A /* Release */ = {
			isa = XCBuildConfiguration;
			buildSettings = {
				ALWAYS_SEARCH_USER_PATHS = NO;
				ASSETCATALOG_COMPILER_GENERATE_SWIFT_ASSET_SYMBOL_EXTENSIONS = YES;
				CLANG_ANALYZER_NONNULL = YES;
				CLANG_ANALYZER_NUMBER_OBJECT_CONVERSION = YES_AGGRESSIVE;
				CLANG_CXX_LANGUAGE_STANDARD = "gnu++20";
				CLANG_ENABLE_MODULES = YES;
				CLANG_ENABLE_OBJC_ARC = YES;
				CLANG_ENABLE_OBJC_WEAK = YES;
				CLANG_WARN_BLOCK_CAPTURE_AUTORELEASING = YES;
				CLANG_WARN_BOOL_CONVERSION = YES;
				CLANG_WARN_COMMA = YES;
				CLANG_WARN_CONSTANT_CONVERSION = YES;
				CLANG_WARN_DEPRECATED_OBJC_IMPLEMENTATIONS = YES;
				CLANG_WARN_DIRECT_OBJC_ISA_USAGE = YES_ERROR;
				CLANG_WARN_DOCUMENTATION_COMMENTS = YES;
				CLANG_WARN_EMPTY_BODY = YES;
				CLANG_WARN_ENUM_CONVERSION = YES;
				CLANG_WARN_INFINITE_RECURSION = YES;
				CLANG_WARN_INT_CONVERSION = YES;
				CLANG_WARN_NON_LITERAL_NULL_CONVERSION = YES;
				CLANG_WARN_OBJC_IMPLICIT_RETAIN_SELF = YES;
				CLANG_WARN_OBJC_LITERAL_CONVERSION = YES;
				CLANG_WARN_OBJC_ROOT_CLASS = YES_ERROR;
				CLANG_WARN_QUOTED_INCLUDE_IN_FRAMEWORK_HEADER = YES;
				CLANG_WARN_RANGE_LOOP_ANALYSIS = YES;
				CLANG_WARN_STRICT_PROTOTYPES = YES;
				CLANG_WARN_SUSPICIOUS_MOVE = YES;
				CLANG_WARN_UNGUARDED_AVAILABILITY = YES_AGGRESSIVE;
				CLANG_WARN_UNREACHABLE_CODE = YES;
				CLANG_WARN__DUPLICATE_METHOD_MATCH = YES;
				COPY_PHASE_STRIP = NO;
				DEBUG_INFORMATION_FORMAT = "dwarf-with-dsym";
				ENABLE_NS_ASSERTIONS = NO;
				ENABLE_STRICT_OBJC_MSGSEND = YES;
				ENABLE_USER_SCRIPT_SANDBOXING = YES;
				GCC_C_LANGUAGE_STANDARD = gnu17;
				GCC_NO_COMMON_BLOCKS = YES;
				GCC_WARN_64_TO_32_BIT_CONVERSION = YES;
				GCC_WARN_ABOUT_RETURN_TYPE = YES_ERROR;
				GCC_WARN_UNDECLARED_SELECTOR = YES;
				GCC_WARN_UNINITIALIZED_AUTOS = YES_AGGRESSIVE;
				GCC_WARN_UNUSED_FUNCTION = YES;
				GCC_WARN_UNUSED_VARIABLE = YES;
				IPHONEOS_DEPLOYMENT_TARGET = 17.2;
				LOCALIZATION_PREFERS_STRING_CATALOGS = YES;
				MTL_ENABLE_DEBUG_INFO = NO;
				MTL_FAST_MATH = YES;
				SDKROOT = iphoneos;
				SWIFT_COMPILATION_MODE = wholemodule;
				VALIDATE_PRODUCT = YES;
			};
			name = Release;
		};
		C744E99D2BD3ECA600DB6A2A /* Debug */ = {
			isa = XCBuildConfiguration;
			baseConfigurationReference = C744E9AF2BD3EED000DB6A2A /* API.xcconfig */;
			buildSettings = {
				ASSETCATALOG_COMPILER_APPICON_NAME = AppIcon;
				ASSETCATALOG_COMPILER_GLOBAL_ACCENT_COLOR_NAME = AccentColor;
				CODE_SIGN_STYLE = Automatic;
				CURRENT_PROJECT_VERSION = 1;
				DEVELOPMENT_TEAM = SBAHW5F54N;
				GENERATE_INFOPLIST_FILE = YES;
				INFOPLIST_FILE = Soop_Assignment/Resource/Info.plist;
				INFOPLIST_KEY_UIApplicationSupportsIndirectInputEvents = YES;
				INFOPLIST_KEY_UILaunchStoryboardName = LaunchScreen;
				INFOPLIST_KEY_UISupportedInterfaceOrientations = UIInterfaceOrientationPortrait;
				INFOPLIST_KEY_UISupportedInterfaceOrientations_iPad = "UIInterfaceOrientationLandscapeLeft UIInterfaceOrientationLandscapeRight UIInterfaceOrientationPortrait UIInterfaceOrientationPortraitUpsideDown";
				LD_RUNPATH_SEARCH_PATHS = (
					"$(inherited)",
					"@executable_path/Frameworks",
				);
				MARKETING_VERSION = 1.0;
				PRODUCT_BUNDLE_IDENTIFIER = "com.kimjunhwan.Soop-Assignment";
				PRODUCT_NAME = "$(TARGET_NAME)";
				SUPPORTED_PLATFORMS = "iphoneos iphonesimulator";
				SUPPORTS_MACCATALYST = NO;
				SUPPORTS_MAC_DESIGNED_FOR_IPHONE_IPAD = NO;
				SUPPORTS_XR_DESIGNED_FOR_IPHONE_IPAD = NO;
				SWIFT_EMIT_LOC_STRINGS = YES;
				SWIFT_VERSION = 5.0;
				TARGETED_DEVICE_FAMILY = 1;
			};
			name = Debug;
		};
		C744E99E2BD3ECA600DB6A2A /* Release */ = {
			isa = XCBuildConfiguration;
			buildSettings = {
				ASSETCATALOG_COMPILER_APPICON_NAME = AppIcon;
				ASSETCATALOG_COMPILER_GLOBAL_ACCENT_COLOR_NAME = AccentColor;
				CODE_SIGN_STYLE = Automatic;
				CURRENT_PROJECT_VERSION = 1;
				DEVELOPMENT_TEAM = SBAHW5F54N;
				GENERATE_INFOPLIST_FILE = YES;
				INFOPLIST_FILE = Soop_Assignment/Resource/Info.plist;
				INFOPLIST_KEY_UIApplicationSupportsIndirectInputEvents = YES;
				INFOPLIST_KEY_UILaunchStoryboardName = LaunchScreen;
				INFOPLIST_KEY_UISupportedInterfaceOrientations = UIInterfaceOrientationPortrait;
				INFOPLIST_KEY_UISupportedInterfaceOrientations_iPad = "UIInterfaceOrientationLandscapeLeft UIInterfaceOrientationLandscapeRight UIInterfaceOrientationPortrait UIInterfaceOrientationPortraitUpsideDown";
				LD_RUNPATH_SEARCH_PATHS = (
					"$(inherited)",
					"@executable_path/Frameworks",
				);
				MARKETING_VERSION = 1.0;
				PRODUCT_BUNDLE_IDENTIFIER = "com.kimjunhwan.Soop-Assignment";
				PRODUCT_NAME = "$(TARGET_NAME)";
				SUPPORTED_PLATFORMS = "iphoneos iphonesimulator";
				SUPPORTS_MACCATALYST = NO;
				SUPPORTS_MAC_DESIGNED_FOR_IPHONE_IPAD = NO;
				SUPPORTS_XR_DESIGNED_FOR_IPHONE_IPAD = NO;
				SWIFT_EMIT_LOC_STRINGS = YES;
				SWIFT_VERSION = 5.0;
				TARGETED_DEVICE_FAMILY = 1;
			};
			name = Release;
		};
/* End XCBuildConfiguration section */

/* Begin XCConfigurationList section */
		C744E9832BD3ECA400DB6A2A /* Build configuration list for PBXProject "Soop_Assignment" */ = {
			isa = XCConfigurationList;
			buildConfigurations = (
				C744E99A2BD3ECA600DB6A2A /* Debug */,
				C744E99B2BD3ECA600DB6A2A /* Release */,
			);
			defaultConfigurationIsVisible = 0;
			defaultConfigurationName = Release;
		};
		C744E99C2BD3ECA600DB6A2A /* Build configuration list for PBXNativeTarget "Soop_Assignment" */ = {
			isa = XCConfigurationList;
			buildConfigurations = (
				C744E99D2BD3ECA600DB6A2A /* Debug */,
				C744E99E2BD3ECA600DB6A2A /* Release */,
			);
			defaultConfigurationIsVisible = 0;
			defaultConfigurationName = Release;
		};
/* End XCConfigurationList section */

/* Begin XCRemoteSwiftPackageReference section */
		C744E9A22BD3EDEC00DB6A2A /* XCRemoteSwiftPackageReference "SnapKit" */ = {
			isa = XCRemoteSwiftPackageReference;
			repositoryURL = "https://github.com/SnapKit/SnapKit.git";
			requirement = {
				kind = upToNextMajorVersion;
				minimumVersion = 5.7.1;
			};
		};
		C744E9A72BD3EE0800DB6A2A /* XCRemoteSwiftPackageReference "RxSwift" */ = {
			isa = XCRemoteSwiftPackageReference;
			repositoryURL = "https://github.com/ReactiveX/RxSwift";
			requirement = {
				kind = upToNextMajorVersion;
				minimumVersion = 6.6.0;
			};
		};
/* End XCRemoteSwiftPackageReference section */

/* Begin XCSwiftPackageProductDependency section */
		C744E9A32BD3EDEC00DB6A2A /* SnapKit */ = {
			isa = XCSwiftPackageProductDependency;
			package = C744E9A22BD3EDEC00DB6A2A /* XCRemoteSwiftPackageReference "SnapKit" */;
			productName = SnapKit;
		};
		C744E9A82BD3EE0800DB6A2A /* RxCocoa */ = {
			isa = XCSwiftPackageProductDependency;
			package = C744E9A72BD3EE0800DB6A2A /* XCRemoteSwiftPackageReference "RxSwift" */;
			productName = RxCocoa;
		};
		C744E9AA2BD3EE0800DB6A2A /* RxRelay */ = {
			isa = XCSwiftPackageProductDependency;
			package = C744E9A72BD3EE0800DB6A2A /* XCRemoteSwiftPackageReference "RxSwift" */;
			productName = RxRelay;
		};
		C744E9AC2BD3EE0800DB6A2A /* RxSwift */ = {
			isa = XCSwiftPackageProductDependency;
			package = C744E9A72BD3EE0800DB6A2A /* XCRemoteSwiftPackageReference "RxSwift" */;
			productName = RxSwift;
		};
/* End XCSwiftPackageProductDependency section */
	};
	rootObject = C744E9802BD3ECA400DB6A2A /* Project object */;
}
